
Microsoft Visual Studio Solution File, Format Version 12.00
# Visual Studio 14
VisualStudioVersion = 14.0.25420.1
MinimumVisualStudioVersion = 10.0.40219.1
Project("{FAE04EC0-301F-11D3-BF4B-00C04F79EFBC}") = "TextmateBundleInstaller", "src\TextmateBundleInstaller.csproj", "{E0FEE4F9-B9F0-420E-9BF6-711B0FB9668C}"
EndProject
Project("{2150E333-8FDC-42A3-9474-1A3956D46DE8}") = "Solution Items", "Solution Items", "{EF27C41F-9262-444B-B548-97CF69FAA2CA}"
	ProjectSection(SolutionItems) = preProject
		appveyor.yml = appveyor.yml
		CHANGELOG.md = CHANGELOG.md
		README.md = README.md
	EndProjectSection
EndProject
Global
	GlobalSection(SolutionConfigurationPlatforms) = preSolution
		Debug|Any CPU = Debug|Any CPU
		Release|Any CPU = Release|Any CPU
	EndGlobalSection
	GlobalSection(ProjectConfigurationPlatforms) = postSolution
		{E0FEE4F9-B9F0-420E-9BF6-711B0FB9668C}.Debug|Any CPU.ActiveCfg = Debug|Any CPU
		{E0FEE4F9-B9F0-420E-9BF6-711B0FB9668C}.Debug|Any CPU.Build.0 = Debug|Any CPU
		{E0FEE4F9-B9F0-420E-9BF6-711B0FB9668C}.Release|Any CPU.ActiveCfg = Release|Any CPU
		{E0FEE4F9-B9F0-420E-9BF6-711B0FB9668C}.Release|Any CPU.Build.0 = Release|Any CPU
	EndGlobalSection
	GlobalSection(SolutionProperties) = preSolution
		HideSolutionNode = FALSE
	EndGlobalSection
EndGlobal
